
Microsoft Visual Studio Solution File, Format Version 12.00
# Visual Studio Version 17
VisualStudioVersion = 17.11.35303.130
MinimumVisualStudioVersion = 10.0.40219.1
Project("{FAE04EC0-301F-11D3-BF4B-00C04F79EFBC}") = "Interest", "Interest\Interest.csproj", "{87726AA3-FA26-4434-B4F6-2BB45AE50654}"
EndProject
Global
	GlobalSection(SolutionConfigurationPlatforms) = preSolution
		Debug|Any CPU = Debug|Any CPU
		Release|Any CPU = Release|Any CPU
	EndGlobalSection
	GlobalSection(ProjectConfigurationPlatforms) = postSolution
		{87726AA3-FA26-4434-B4F6-2BB45AE50654}.Debug|Any CPU.ActiveCfg = Debug|Any CPU
		{87726AA3-FA26-4434-B4F6-2BB45AE50654}.Debug|Any CPU.Build.0 = Debug|Any CPU
		{87726AA3-FA26-4434-B4F6-2BB45AE50654}.Release|Any CPU.ActiveCfg = Release|Any CPU
		{87726AA3-FA26-4434-B4F6-2BB45AE50654}.Release|Any CPU.Build.0 = Release|Any CPU
	EndGlobalSection
	GlobalSection(SolutionProperties) = preSolution
		HideSolutionNode = FALSE
	EndGlobalSection
	GlobalSection(ExtensibilityGlobals) = postSolution
		SolutionGuid = {88B4BD8D-3C1E-4F50-8E3E-46124267A71B}
	EndGlobalSection
EndGlobal
